
Microsoft Visual Studio Solution File, Format Version 12.00
# Visual Studio Version 16
VisualStudioVersion = 16.0.30804.86
MinimumVisualStudioVersion = 10.0.40219.1
Project("{2150E333-8FDC-42A3-9474-1A3956D46DE8}") = "src", "src", "{B162B863-0E14-4B9D-87A3-F42EA6863CE1}"
EndProject
Project("{2150E333-8FDC-42A3-9474-1A3956D46DE8}") = "tests", "tests", "{891412AD-E7C0-4B56-8C78-33339902D2BA}"
EndProject
Project("{2150E333-8FDC-42A3-9474-1A3956D46DE8}") = "API", "API", "{30C145DD-84A3-47C7-B897-38C035566D73}"
EndProject
Project("{2150E333-8FDC-42A3-9474-1A3956D46DE8}") = "Core", "Core", "{8ECFDCD0-AD8B-420E-B0F5-4A193BD53AEE}"
EndProject
Project("{2150E333-8FDC-42A3-9474-1A3956D46DE8}") = "Infrastructure", "Infrastructure", "{19B35A54-4BC3-4488-89D0-D3BCA0FF0767}"
EndProject
Project("{2150E333-8FDC-42A3-9474-1A3956D46DE8}") = "UI", "UI", "{B268554A-C9BE-47AA-9017-7CC7EE37DBEF}"
EndProject
Project("{9A19103F-16F7-4668-BE54-9A1E7A4F7556}") = "TicketApp.TicketManagement.Domain", "TicketApp.TicketManagement.Domain\TicketApp.TicketManagement.Domain.csproj", "{51EDA031-002B-4A29-AB0B-2F610EB98B7D}"
EndProject
Project("{9A19103F-16F7-4668-BE54-9A1E7A4F7556}") = "TicketApp.TicketManagement.Application", "TicketApp.TicketManagement.Application\TicketApp.TicketManagement.Application.csproj", "{E5EDFB37-BBF6-41C7-878C-8440C743A4F3}"
EndProject
Project("{FAE04EC0-301F-11D3-BF4B-00C04F79EFBC}") = "TicketApp.TicketManagement.Persistence", "TicketApp.TicketManagement.Persistence\TicketApp.TicketManagement.Persistence.csproj", "{C11CFF60-D654-4158-B997-44A9A9C5AC7C}"
EndProject
Global
	GlobalSection(SolutionConfigurationPlatforms) = preSolution
		Debug|Any CPU = Debug|Any CPU
		Release|Any CPU = Release|Any CPU
	EndGlobalSection
	GlobalSection(ProjectConfigurationPlatforms) = postSolution
		{51EDA031-002B-4A29-AB0B-2F610EB98B7D}.Debug|Any CPU.ActiveCfg = Debug|Any CPU
		{51EDA031-002B-4A29-AB0B-2F610EB98B7D}.Debug|Any CPU.Build.0 = Debug|Any CPU
		{51EDA031-002B-4A29-AB0B-2F610EB98B7D}.Release|Any CPU.ActiveCfg = Release|Any CPU
		{51EDA031-002B-4A29-AB0B-2F610EB98B7D}.Release|Any CPU.Build.0 = Release|Any CPU
		{E5EDFB37-BBF6-41C7-878C-8440C743A4F3}.Debug|Any CPU.ActiveCfg = Debug|Any CPU
		{E5EDFB37-BBF6-41C7-878C-8440C743A4F3}.Debug|Any CPU.Build.0 = Debug|Any CPU
		{E5EDFB37-BBF6-41C7-878C-8440C743A4F3}.Release|Any CPU.ActiveCfg = Release|Any CPU
		{E5EDFB37-BBF6-41C7-878C-8440C743A4F3}.Release|Any CPU.Build.0 = Release|Any CPU
		{C11CFF60-D654-4158-B997-44A9A9C5AC7C}.Debug|Any CPU.ActiveCfg = Debug|Any CPU
		{C11CFF60-D654-4158-B997-44A9A9C5AC7C}.Debug|Any CPU.Build.0 = Debug|Any CPU
		{C11CFF60-D654-4158-B997-44A9A9C5AC7C}.Release|Any CPU.ActiveCfg = Release|Any CPU
		{C11CFF60-D654-4158-B997-44A9A9C5AC7C}.Release|Any CPU.Build.0 = Release|Any CPU
	EndGlobalSection
	GlobalSection(SolutionProperties) = preSolution
		HideSolutionNode = FALSE
	EndGlobalSection
	GlobalSection(NestedProjects) = preSolution
		{30C145DD-84A3-47C7-B897-38C035566D73} = {B162B863-0E14-4B9D-87A3-F42EA6863CE1}
		{8ECFDCD0-AD8B-420E-B0F5-4A193BD53AEE} = {B162B863-0E14-4B9D-87A3-F42EA6863CE1}
		{19B35A54-4BC3-4488-89D0-D3BCA0FF0767} = {B162B863-0E14-4B9D-87A3-F42EA6863CE1}
		{B268554A-C9BE-47AA-9017-7CC7EE37DBEF} = {B162B863-0E14-4B9D-87A3-F42EA6863CE1}
		{51EDA031-002B-4A29-AB0B-2F610EB98B7D} = {8ECFDCD0-AD8B-420E-B0F5-4A193BD53AEE}
		{E5EDFB37-BBF6-41C7-878C-8440C743A4F3} = {8ECFDCD0-AD8B-420E-B0F5-4A193BD53AEE}
		{C11CFF60-D654-4158-B997-44A9A9C5AC7C} = {19B35A54-4BC3-4488-89D0-D3BCA0FF0767}
	EndGlobalSection
	GlobalSection(ExtensibilityGlobals) = postSolution
		SolutionGuid = {BD99A722-81E1-4E4D-AF99-3D3A0E98D8D7}
	EndGlobalSection
EndGlobal
